# THIS IS AN AUTOGENERATED FILE. DO NOT EDIT THIS FILE DIRECTLY.
# yarn lockfile v1


typescript-string-operations@^1.5.0-beta:
  version "1.5.0-beta.4"
  resolved "https://registry.yarnpkg.com/typescript-string-operations/-/typescript-string-operations-1.5.0-beta.4.tgz#09e9910d7846a1e33caaa53cad150c2c0eb7b846"
  integrity sha512-bUeUdJ6P+evjV5a9PzOhRCpfObvEmTAWWHoo7KJYtQ4ED0rdLcLV/+70+o4USYTmvwPPhXKpNkTQ6eByhv8NDA==
