# THIS IS AN AUTOGENERATED FILE. DO NOT EDIT THIS FILE DIRECTLY.
# yarn lockfile v1


typescript-string-operations@^1.6.1:
  version "1.6.0"
  resolved "https://registry.yarnpkg.com/typescript-string-operations/-/typescript-string-operations-1.6.0.tgz#076556f99fbe02f3fc250c8a32a1623740e89b5f"
  integrity sha512-+Y5PAvqHhgZSf3G3K5hJfS5IsXVwm6OgfmsyV+8FaO3PufYzeZ6vUSwhnrlH0kb90BYfZ8049VREhclrfchPYg==
